
Microsoft Visual Studio Solution File, Format Version 12.00
# Visual Studio Version 17
VisualStudioVersion = 17.14.36616.10
MinimumVisualStudioVersion = 10.0.40219.1
Project("{8BC9CEB8-8B4A-11D0-8D11-00A0C91BC942}") = "lab2A", "lab2A\lab2A.vcxproj", "{5AC1F922-10E2-4452-B433-FD922B8DCB82}"
EndProject
Project("{8BC9CEB8-8B4A-11D0-8D11-00A0C91BC942}") = "lab2B", "lab2B\lab2B.vcxproj", "{6B1B996C-03DE-42F9-9779-794D0EE419BC}"
EndProject
Project("{8BC9CEB8-8B4A-11D0-8D11-00A0C91BC942}") = "lab3A", "lab3A\lab3A.vcxproj", "{CEFA8641-3E64-4B5F-9B34-7A7F3A6666DE}"
EndProject
Project("{8BC9CEB8-8B4A-11D0-8D11-00A0C91BC942}") = "lab3B", "lab3B\lab3B.vcxproj", "{607B3180-620B-4B04-AB42-F7A91B444010}"
EndProject
Project("{8BC9CEB8-8B4A-11D0-8D11-00A0C91BC942}") = "lab4B", "lab4B\lab4B.vcxproj", "{8AD09325-FF72-4192-8A40-26A743E67F8F}"
EndProject
Project("{8BC9CEB8-8B4A-11D0-8D11-00A0C91BC942}") = "lab4A", "lab4A\lab4A.vcxproj", "{F5E2440C-C06F-47C7-9624-5BE0FFCAFD26}"
EndProject
Project("{8BC9CEB8-8B4A-11D0-8D11-00A0C91BC942}") = "lab5B", "lab5B\lab5B.vcxproj", "{BFCC26D6-8004-4D9F-889B-246DD46B76FD}"
EndProject
Project("{8BC9CEB8-8B4A-11D0-8D11-00A0C91BC942}") = "lab5A", "lab5A\lab5A.vcxproj", "{C35159E8-3CC6-40A5-B010-A9CDB423A2C7}"
EndProject
Project("{8BC9CEB8-8B4A-11D0-8D11-00A0C91BC942}") = "lab1A", "lab1A\lab1A.vcxproj", "{0C269ED2-280D-4D2F-911C-875BDE27C9C0}"
EndProject
Project("{8BC9CEB8-8B4A-11D0-8D11-00A0C91BC942}") = "lab1B", "lab1B\lab1B.vcxproj", "{2EBA2990-325E-4132-9865-895BA8196275}"
EndProject
Global
	GlobalSection(SolutionConfigurationPlatforms) = preSolution
		Debug|x64 = Debug|x64
		Debug|x86 = Debug|x86
		Release|x64 = Release|x64
		Release|x86 = Release|x86
	EndGlobalSection
	GlobalSection(ProjectConfigurationPlatforms) = postSolution
		{5AC1F922-10E2-4452-B433-FD922B8DCB82}.Debug|x64.ActiveCfg = Debug|x64
		{5AC1F922-10E2-4452-B433-FD922B8DCB82}.Debug|x64.Build.0 = Debug|x64
		{5AC1F922-10E2-4452-B433-FD922B8DCB82}.Debug|x86.ActiveCfg = Debug|Win32
		{5AC1F922-10E2-4452-B433-FD922B8DCB82}.Debug|x86.Build.0 = Debug|Win32
		{5AC1F922-10E2-4452-B433-FD922B8DCB82}.Release|x64.ActiveCfg = Release|x64
		{5AC1F922-10E2-4452-B433-FD922B8DCB82}.Release|x64.Build.0 = Release|x64
		{5AC1F922-10E2-4452-B433-FD922B8DCB82}.Release|x86.ActiveCfg = Release|Win32
		{5AC1F922-10E2-4452-B433-FD922B8DCB82}.Release|x86.Build.0 = Release|Win32
		{6B1B996C-03DE-42F9-9779-794D0EE419BC}.Debug|x64.ActiveCfg = Debug|x64
		{6B1B996C-03DE-42F9-9779-794D0EE419BC}.Debug|x64.Build.0 = Debug|x64
		{6B1B996C-03DE-42F9-9779-794D0EE419BC}.Debug|x86.ActiveCfg = Debug|Win32
		{6B1B996C-03DE-42F9-9779-794D0EE419BC}.Debug|x86.Build.0 = Debug|Win32
		{6B1B996C-03DE-42F9-9779-794D0EE419BC}.Release|x64.ActiveCfg = Release|x64
		{6B1B996C-03DE-42F9-9779-794D0EE419BC}.Release|x64.Build.0 = Release|x64
		{6B1B996C-03DE-42F9-9779-794D0EE419BC}.Release|x86.ActiveCfg = Release|Win32
		{6B1B996C-03DE-42F9-9779-794D0EE419BC}.Release|x86.Build.0 = Release|Win32
		{CEFA8641-3E64-4B5F-9B34-7A7F3A6666DE}.Debug|x64.ActiveCfg = Debug|x64
		{CEFA8641-3E64-4B5F-9B34-7A7F3A6666DE}.Debug|x64.Build.0 = Debug|x64
		{CEFA8641-3E64-4B5F-9B34-7A7F3A6666DE}.Debug|x86.ActiveCfg = Debug|Win32
		{CEFA8641-3E64-4B5F-9B34-7A7F3A6666DE}.Debug|x86.Build.0 = Debug|Win32
		{CEFA8641-3E64-4B5F-9B34-7A7F3A6666DE}.Release|x64.ActiveCfg = Release|x64
		{CEFA8641-3E64-4B5F-9B34-7A7F3A6666DE}.Release|x64.Build.0 = Release|x64
		{CEFA8641-3E64-4B5F-9B34-7A7F3A6666DE}.Release|x86.ActiveCfg = Release|Win32
		{CEFA8641-3E64-4B5F-9B34-7A7F3A6666DE}.Release|x86.Build.0 = Release|Win32
		{607B3180-620B-4B04-AB42-F7A91B444010}.Debug|x64.ActiveCfg = Debug|x64
		{607B3180-620B-4B04-AB42-F7A91B444010}.Debug|x64.Build.0 = Debug|x64
		{607B3180-620B-4B04-AB42-F7A91B444010}.Debug|x86.ActiveCfg = Debug|Win32
		{607B3180-620B-4B04-AB42-F7A91B444010}.Debug|x86.Build.0 = Debug|Win32
		{607B3180-620B-4B04-AB42-F7A91B444010}.Release|x64.ActiveCfg = Release|x64
		{607B3180-620B-4B04-AB42-F7A91B444010}.Release|x64.Build.0 = Release|x64
		{607B3180-620B-4B04-AB42-F7A91B444010}.Release|x86.ActiveCfg = Release|Win32
		{607B3180-620B-4B04-AB42-F7A91B444010}.Release|x86.Build.0 = Release|Win32
		{8AD09325-FF72-4192-8A40-26A743E67F8F}.Debug|x64.ActiveCfg = Debug|x64
		{8AD09325-FF72-4192-8A40-26A743E67F8F}.Debug|x64.Build.0 = Debug|x64
		{8AD09325-FF72-4192-8A40-26A743E67F8F}.Debug|x86.ActiveCfg = Debug|Win32
		{8AD09325-FF72-4192-8A40-26A743E67F8F}.Debug|x86.Build.0 = Debug|Win32
		{8AD09325-FF72-4192-8A40-26A743E67F8F}.Release|x64.ActiveCfg = Release|x64
		{8AD09325-FF72-4192-8A40-26A743E67F8F}.Release|x64.Build.0 = Release|x64
		{8AD09325-FF72-4192-8A40-26A743E67F8F}.Release|x86.ActiveCfg = Release|Win32
		{8AD09325-FF72-4192-8A40-26A743E67F8F}.Release|x86.Build.0 = Release|Win32
		{F5E2440C-C06F-47C7-9624-5BE0FFCAFD26}.Debug|x64.ActiveCfg = Debug|x64
		{F5E2440C-C06F-47C7-9624-5BE0FFCAFD26}.Debug|x64.Build.0 = Debug|x64
		{F5E2440C-C06F-47C7-9624-5BE0FFCAFD26}.Debug|x86.ActiveCfg = Debug|Win32
		{F5E2440C-C06F-47C7-9624-5BE0FFCAFD26}.Debug|x86.Build.0 = Debug|Win32
		{F5E2440C-C06F-47C7-9624-5BE0FFCAFD26}.Release|x64.ActiveCfg = Release|x64
		{F5E2440C-C06F-47C7-9624-5BE0FFCAFD26}.Release|x64.Build.0 = Release|x64
		{F5E2440C-C06F-47C7-9624-5BE0FFCAFD26}.Release|x86.ActiveCfg = Release|Win32
		{F5E2440C-C06F-47C7-9624-5BE0FFCAFD26}.Release|x86.Build.0 = Release|Win32
		{BFCC26D6-8004-4D9F-889B-246DD46B76FD}.Debug|x64.ActiveCfg = Debug|x64
		{BFCC26D6-8004-4D9F-889B-246DD46B76FD}.Debug|x64.Build.0 = Debug|x64
		{BFCC26D6-8004-4D9F-889B-246DD46B76FD}.Debug|x86.ActiveCfg = Debug|Win32
		{BFCC26D6-8004-4D9F-889B-246DD46B76FD}.Debug|x86.Build.0 = Debug|Win32
		{BFCC26D6-8004-4D9F-889B-246DD46B76FD}.Release|x64.ActiveCfg = Release|x64
		{BFCC26D6-8004-4D9F-889B-246DD46B76FD}.Release|x64.Build.0 = Release|x64
		{BFCC26D6-8004-4D9F-889B-246DD46B76FD}.Release|x86.ActiveCfg = Release|Win32
		{BFCC26D6-8004-4D9F-889B-246DD46B76FD}.Release|x86.Build.0 = Release|Win32
		{C35159E8-3CC6-40A5-B010-A9CDB423A2C7}.Debug|x64.ActiveCfg = Debug|x64
		{C35159E8-3CC6-40A5-B010-A9CDB423A2C7}.Debug|x64.Build.0 = Debug|x64
		{C35159E8-3CC6-40A5-B010-A9CDB423A2C7}.Debug|x86.ActiveCfg = Debug|Win32
		{C35159E8-3CC6-40A5-B010-A9CDB423A2C7}.Debug|x86.Build.0 = Debug|Win32
		{C35159E8-3CC6-40A5-B010-A9CDB423A2C7}.Release|x64.ActiveCfg = Release|x64
		{C35159E8-3CC6-40A5-B010-A9CDB423A2C7}.Release|x64.Build.0 = Release|x64
		{C35159E8-3CC6-40A5-B010-A9CDB423A2C7}.Release|x86.ActiveCfg = Release|Win32
		{C35159E8-3CC6-40A5-B010-A9CDB423A2C7}.Release|x86.Build.0 = Release|Win32
		{0C269ED2-280D-4D2F-911C-875BDE27C9C0}.Debug|x64.ActiveCfg = Debug|x64
		{0C269ED2-280D-4D2F-911C-875BDE27C9C0}.Debug|x64.Build.0 = Debug|x64
		{0C269ED2-280D-4D2F-911C-875BDE27C9C0}.Debug|x86.ActiveCfg = Debug|Win32
		{0C269ED2-280D-4D2F-911C-875BDE27C9C0}.Debug|x86.Build.0 = Debug|Win32
		{0C269ED2-280D-4D2F-911C-875BDE27C9C0}.Release|x64.ActiveCfg = Release|x64
		{0C269ED2-280D-4D2F-911C-875BDE27C9C0}.Release|x64.Build.0 = Release|x64
		{0C269ED2-280D-4D2F-911C-875BDE27C9C0}.Release|x86.ActiveCfg = Release|Win32
		{0C269ED2-280D-4D2F-911C-875BDE27C9C0}.Release|x86.Build.0 = Release|Win32
		{2EBA2990-325E-4132-9865-895BA8196275}.Debug|x64.ActiveCfg = Debug|x64
		{2EBA2990-325E-4132-9865-895BA8196275}.Debug|x64.Build.0 = Debug|x64
		{2EBA2990-325E-4132-9865-895BA8196275}.Debug|x86.ActiveCfg = Debug|Win32
		{2EBA2990-325E-4132-9865-895BA8196275}.Debug|x86.Build.0 = Debug|Win32
		{2EBA2990-325E-4132-9865-895BA8196275}.Release|x64.ActiveCfg = Release|x64
		{2EBA2990-325E-4132-9865-895BA8196275}.Release|x64.Build.0 = Release|x64
		{2EBA2990-325E-4132-9865-895BA8196275}.Release|x86.ActiveCfg = Release|Win32
		{2EBA2990-325E-4132-9865-895BA8196275}.Release|x86.Build.0 = Release|Win32
	EndGlobalSection
	GlobalSection(SolutionProperties) = preSolution
		HideSolutionNode = FALSE
	EndGlobalSection
	GlobalSection(ExtensibilityGlobals) = postSolution
		SolutionGuid = {0BA3D34F-7160-440A-966C-26913FDD1F32}
	EndGlobalSection
EndGlobal
